
Microsoft Visual Studio Solution File, Format Version 12.00
# Visual Studio Version 17
VisualStudioVersion = 17.13.35806.99 d17.13
MinimumVisualStudioVersion = 10.0.40219.1
Project("{FAE04EC0-301F-11D3-BF4B-00C04F79EFBC}") = "paula vado", "paula vado\paula vado.csproj", "{E3CEDCD9-DB70-436E-963F-A630DB056806}"
EndProject
Global
	GlobalSection(SolutionConfigurationPlatforms) = preSolution
		Debug|Any CPU = Debug|Any CPU
		Release|Any CPU = Release|Any CPU
	EndGlobalSection
	GlobalSection(ProjectConfigurationPlatforms) = postSolution
		{E3CEDCD9-DB70-436E-963F-A630DB056806}.Debug|Any CPU.ActiveCfg = Debug|Any CPU
		{E3CEDCD9-DB70-436E-963F-A630DB056806}.Debug|Any CPU.Build.0 = Debug|Any CPU
		{E3CEDCD9-DB70-436E-963F-A630DB056806}.Release|Any CPU.ActiveCfg = Release|Any CPU
		{E3CEDCD9-DB70-436E-963F-A630DB056806}.Release|Any CPU.Build.0 = Release|Any CPU
	EndGlobalSection
	GlobalSection(SolutionProperties) = preSolution
		HideSolutionNode = FALSE
	EndGlobalSection
	GlobalSection(ExtensibilityGlobals) = postSolution
		SolutionGuid = {F48A335E-EB54-43D7-9503-ED13DA586193}
	EndGlobalSection
EndGlobal
